// !$*UTF8*$!
{
	archiveVersion = 1;
	classes = {
	};
	objectVersion = 48;
	objects = {

/* Begin PBXBuildFile section */
		04341A28206B02B400A41A5A /* GenreCount.swift in Sources */ = {isa = PBXBuildFile; fileRef = 04341A27206B02B400A41A5A /* GenreCount.swift */; };
		04341A2A206B067800A41A5A /* BookAPICallExamples.swift in Sources */ = {isa = PBXBuildFile; fileRef = 04341A29206B067800A41A5A /* BookAPICallExamples.swift */; };
		04AD17DD20684BCB00108858 /* Event.swift in Sources */ = {isa = PBXBuildFile; fileRef = 04AD17DC20684BCB00108858 /* Event.swift */; };
		04AD17DF2068504200108858 /* Employee.swift in Sources */ = {isa = PBXBuildFile; fileRef = 04AD17DE2068504200108858 /* Employee.swift */; };
		04AD17E12068540B00108858 /* EmployeeWorkedFor.swift in Sources */ = {isa = PBXBuildFile; fileRef = 04AD17E02068540B00108858 /* EmployeeWorkedFor.swift */; };
		04AD17E32068546C00108858 /* LibraryBook.swift in Sources */ = {isa = PBXBuildFile; fileRef = 04AD17E22068546C00108858 /* LibraryBook.swift */; };
		04AD17E52068555000108858 /* LibraryBranch.swift in Sources */ = {isa = PBXBuildFile; fileRef = 04AD17E42068555000108858 /* LibraryBranch.swift */; };
		04AD17E72068562900108858 /* Member.swift in Sources */ = {isa = PBXBuildFile; fileRef = 04AD17E62068562900108858 /* Member.swift */; };
		04AD17E92068570C00108858 /* Rental.swift in Sources */ = {isa = PBXBuildFile; fileRef = 04AD17E82068570C00108858 /* Rental.swift */; };
		04AD17EB206857D900108858 /* Review.swift in Sources */ = {isa = PBXBuildFile; fileRef = 04AD17EA206857D900108858 /* Review.swift */; };
		04AD17ED2068596500108858 /* Schedule.swift in Sources */ = {isa = PBXBuildFile; fileRef = 04AD17EC2068596500108858 /* Schedule.swift */; };
		04AD17EF20685A6400108858 /* Room.swift in Sources */ = {isa = PBXBuildFile; fileRef = 04AD17EE20685A6400108858 /* Room.swift */; };
		B94FBF63206998FD0039FC73 /* EmployeeBooks.storyboard in Resources */ = {isa = PBXBuildFile; fileRef = B94FBF62206998FC0039FC73 /* EmployeeBooks.storyboard */; };
		B94FBF65206999130039FC73 /* EmployeeBooksViewController.swift in Sources */ = {isa = PBXBuildFile; fileRef = B94FBF64206999130039FC73 /* EmployeeBooksViewController.swift */; };
		B96DF05C2053450A00AE101C /* Assets.xcassets in Resources */ = {isa = PBXBuildFile; fileRef = B96DF0542053450A00AE101C /* Assets.xcassets */; };
		B96DF05D2053450A00AE101C /* LaunchScreen.storyboard in Resources */ = {isa = PBXBuildFile; fileRef = B96DF0552053450A00AE101C /* LaunchScreen.storyboard */; };
		B96DF05F2053450A00AE101C /* AppDelegate.swift in Sources */ = {isa = PBXBuildFile; fileRef = B96DF0592053450A00AE101C /* AppDelegate.swift */; };
		B96DF0602053450A00AE101C /* Info.plist in Resources */ = {isa = PBXBuildFile; fileRef = B96DF05A2053450A00AE101C /* Info.plist */; };
		B96DF0652053472C00AE101C /* Welcome.storyboard in Resources */ = {isa = PBXBuildFile; fileRef = B96DF0642053472C00AE101C /* Welcome.storyboard */; };
		B96DF0672053474C00AE101C /* WelcomeViewController.swift in Sources */ = {isa = PBXBuildFile; fileRef = B96DF0662053474C00AE101C /* WelcomeViewController.swift */; };
		B9E73FEB206849E000BB5FF7 /* Book.swift in Sources */ = {isa = PBXBuildFile; fileRef = B9E73FEA206849E000BB5FF7 /* Book.swift */; };
		B9E73FEE2068515E00BB5FF7 /* Employee.storyboard in Resources */ = {isa = PBXBuildFile; fileRef = B9E73FED2068515E00BB5FF7 /* Employee.storyboard */; };
		B9E73FF02068516500BB5FF7 /* Member.storyboard in Resources */ = {isa = PBXBuildFile; fileRef = B9E73FEF2068516500BB5FF7 /* Member.storyboard */; };
		B9E73FF2206852BA00BB5FF7 /* LoginViewController.swift in Sources */ = {isa = PBXBuildFile; fileRef = B9E73FF1206852BA00BB5FF7 /* LoginViewController.swift */; };
		B9E73FF4206852CF00BB5FF7 /* RegisterViewController.swift in Sources */ = {isa = PBXBuildFile; fileRef = B9E73FF3206852CF00BB5FF7 /* RegisterViewController.swift */; };
		B9E73FF6206869D200BB5FF7 /* MemberTabBarController.swift in Sources */ = {isa = PBXBuildFile; fileRef = B9E73FF5206869D200BB5FF7 /* MemberTabBarController.swift */; };
		B9E73FF8206869E300BB5FF7 /* EmployeeTabBarController.swift in Sources */ = {isa = PBXBuildFile; fileRef = B9E73FF7206869E300BB5FF7 /* EmployeeTabBarController.swift */; };
		B9E73FFE206870BF00BB5FF7 /* Account.storyboard in Resources */ = {isa = PBXBuildFile; fileRef = B9E73FFD206870BF00BB5FF7 /* Account.storyboard */; };
		B9E74002206871B100BB5FF7 /* MemberViewController.swift in Sources */ = {isa = PBXBuildFile; fileRef = B9E74001206871B100BB5FF7 /* MemberViewController.swift */; };
		B9E74004206871D500BB5FF7 /* EmployeeViewController.swift in Sources */ = {isa = PBXBuildFile; fileRef = B9E74003206871D500BB5FF7 /* EmployeeViewController.swift */; };
		B9E740072068749100BB5FF7 /* EventsViewController.swift in Sources */ = {isa = PBXBuildFile; fileRef = B9E740062068749100BB5FF7 /* EventsViewController.swift */; };
		B9E740092068749F00BB5FF7 /* Events.storyboard in Resources */ = {isa = PBXBuildFile; fileRef = B9E740082068749F00BB5FF7 /* Events.storyboard */; };
		B9E7400B2068787900BB5FF7 /* CreateEventViewController.swift in Sources */ = {isa = PBXBuildFile; fileRef = B9E7400A2068787900BB5FF7 /* CreateEventViewController.swift */; };
		B9E7400D20689B4800BB5FF7 /* APIClient.swift in Sources */ = {isa = PBXBuildFile; fileRef = B9E7400C20689B4800BB5FF7 /* APIClient.swift */; };
		B9E7400F2068A08B00BB5FF7 /* BookService.swift in Sources */ = {isa = PBXBuildFile; fileRef = B9E7400E2068A08B00BB5FF7 /* BookService.swift */; };
		F7DBCDC6C87D01F159FD7867 /* Pods_Library.framework in Frameworks */ = {isa = PBXBuildFile; fileRef = 31370B6FAD839C84A60B3393 /* Pods_Library.framework */; };
/* End PBXBuildFile section */

/* Begin PBXFileReference section */
		04341A27206B02B400A41A5A /* GenreCount.swift */ = {isa = PBXFileReference; lastKnownFileType = sourcecode.swift; path = GenreCount.swift; sourceTree = "<group>"; };
		04341A29206B067800A41A5A /* BookAPICallExamples.swift */ = {isa = PBXFileReference; lastKnownFileType = sourcecode.swift; name = BookAPICallExamples.swift; path = Library/Models/BookAPICallExamples.swift; sourceTree = SOURCE_ROOT; };
		04AD17DC20684BCB00108858 /* Event.swift */ = {isa = PBXFileReference; fileEncoding = 4; lastKnownFileType = sourcecode.swift; path = Event.swift; sourceTree = "<group>"; };
		04AD17DE2068504200108858 /* Employee.swift */ = {isa = PBXFileReference; fileEncoding = 4; lastKnownFileType = sourcecode.swift; path = Employee.swift; sourceTree = "<group>"; };
		04AD17E02068540B00108858 /* EmployeeWorkedFor.swift */ = {isa = PBXFileReference; fileEncoding = 4; lastKnownFileType = sourcecode.swift; path = EmployeeWorkedFor.swift; sourceTree = "<group>"; };
		04AD17E22068546C00108858 /* LibraryBook.swift */ = {isa = PBXFileReference; fileEncoding = 4; lastKnownFileType = sourcecode.swift; path = LibraryBook.swift; sourceTree = "<group>"; };
		04AD17E42068555000108858 /* LibraryBranch.swift */ = {isa = PBXFileReference; fileEncoding = 4; lastKnownFileType = sourcecode.swift; path = LibraryBranch.swift; sourceTree = "<group>"; };
		04AD17E62068562900108858 /* Member.swift */ = {isa = PBXFileReference; fileEncoding = 4; lastKnownFileType = sourcecode.swift; path = Member.swift; sourceTree = "<group>"; };
		04AD17E82068570C00108858 /* Rental.swift */ = {isa = PBXFileReference; fileEncoding = 4; lastKnownFileType = sourcecode.swift; path = Rental.swift; sourceTree = "<group>"; };
		04AD17EA206857D900108858 /* Review.swift */ = {isa = PBXFileReference; fileEncoding = 4; lastKnownFileType = sourcecode.swift; path = Review.swift; sourceTree = "<group>"; };
		04AD17EC2068596500108858 /* Schedule.swift */ = {isa = PBXFileReference; fileEncoding = 4; lastKnownFileType = sourcecode.swift; path = Schedule.swift; sourceTree = "<group>"; };
		04AD17EE20685A6400108858 /* Room.swift */ = {isa = PBXFileReference; fileEncoding = 4; lastKnownFileType = sourcecode.swift; path = Room.swift; sourceTree = "<group>"; };
		2FA34C15192CCDBCA353712B /* Pods-Library.release.xcconfig */ = {isa = PBXFileReference; includeInIndex = 1; lastKnownFileType = text.xcconfig; name = "Pods-Library.release.xcconfig"; path = "Pods/Target Support Files/Pods-Library/Pods-Library.release.xcconfig"; sourceTree = "<group>"; };
		31370B6FAD839C84A60B3393 /* Pods_Library.framework */ = {isa = PBXFileReference; explicitFileType = wrapper.framework; includeInIndex = 0; path = Pods_Library.framework; sourceTree = BUILT_PRODUCTS_DIR; };
		5DC282F3F5AA095231D8721A /* Pods-Library.debug.xcconfig */ = {isa = PBXFileReference; includeInIndex = 1; lastKnownFileType = text.xcconfig; name = "Pods-Library.debug.xcconfig"; path = "Pods/Target Support Files/Pods-Library/Pods-Library.debug.xcconfig"; sourceTree = "<group>"; };
		B94FBF62206998FC0039FC73 /* EmployeeBooks.storyboard */ = {isa = PBXFileReference; lastKnownFileType = file.storyboard; path = EmployeeBooks.storyboard; sourceTree = "<group>"; };
		B94FBF64206999130039FC73 /* EmployeeBooksViewController.swift */ = {isa = PBXFileReference; lastKnownFileType = sourcecode.swift; path = EmployeeBooksViewController.swift; sourceTree = "<group>"; };
		B96DF0382053445900AE101C /* Library.app */ = {isa = PBXFileReference; explicitFileType = wrapper.application; includeInIndex = 0; path = Library.app; sourceTree = BUILT_PRODUCTS_DIR; };
		B96DF0542053450A00AE101C /* Assets.xcassets */ = {isa = PBXFileReference; lastKnownFileType = folder.assetcatalog; path = Assets.xcassets; sourceTree = "<group>"; };
		B96DF0562053450A00AE101C /* Base */ = {isa = PBXFileReference; lastKnownFileType = file.storyboard; name = Base; path = Base.lproj/LaunchScreen.storyboard; sourceTree = "<group>"; };
		B96DF0592053450A00AE101C /* AppDelegate.swift */ = {isa = PBXFileReference; fileEncoding = 4; lastKnownFileType = sourcecode.swift; path = AppDelegate.swift; sourceTree = "<group>"; };
		B96DF05A2053450A00AE101C /* Info.plist */ = {isa = PBXFileReference; fileEncoding = 4; lastKnownFileType = text.plist.xml; path = Info.plist; sourceTree = "<group>"; };
		B96DF0642053472C00AE101C /* Welcome.storyboard */ = {isa = PBXFileReference; fileEncoding = 4; lastKnownFileType = file.storyboard; path = Welcome.storyboard; sourceTree = "<group>"; };
		B96DF0662053474C00AE101C /* WelcomeViewController.swift */ = {isa = PBXFileReference; lastKnownFileType = sourcecode.swift; path = WelcomeViewController.swift; sourceTree = "<group>"; };
		B9E73FEA206849E000BB5FF7 /* Book.swift */ = {isa = PBXFileReference; lastKnownFileType = sourcecode.swift; path = Book.swift; sourceTree = "<group>"; };
		B9E73FED2068515E00BB5FF7 /* Employee.storyboard */ = {isa = PBXFileReference; lastKnownFileType = file.storyboard; path = Employee.storyboard; sourceTree = "<group>"; };
		B9E73FEF2068516500BB5FF7 /* Member.storyboard */ = {isa = PBXFileReference; lastKnownFileType = file.storyboard; path = Member.storyboard; sourceTree = "<group>"; };
		B9E73FF1206852BA00BB5FF7 /* LoginViewController.swift */ = {isa = PBXFileReference; lastKnownFileType = sourcecode.swift; path = LoginViewController.swift; sourceTree = "<group>"; };
		B9E73FF3206852CF00BB5FF7 /* RegisterViewController.swift */ = {isa = PBXFileReference; lastKnownFileType = sourcecode.swift; path = RegisterViewController.swift; sourceTree = "<group>"; };
		B9E73FF5206869D200BB5FF7 /* MemberTabBarController.swift */ = {isa = PBXFileReference; lastKnownFileType = sourcecode.swift; path = MemberTabBarController.swift; sourceTree = "<group>"; };
		B9E73FF7206869E300BB5FF7 /* EmployeeTabBarController.swift */ = {isa = PBXFileReference; lastKnownFileType = sourcecode.swift; path = EmployeeTabBarController.swift; sourceTree = "<group>"; };
		B9E73FFD206870BF00BB5FF7 /* Account.storyboard */ = {isa = PBXFileReference; fileEncoding = 4; lastKnownFileType = file.storyboard; path = Account.storyboard; sourceTree = "<group>"; };
		B9E74001206871B100BB5FF7 /* MemberViewController.swift */ = {isa = PBXFileReference; lastKnownFileType = sourcecode.swift; path = MemberViewController.swift; sourceTree = "<group>"; };
		B9E74003206871D500BB5FF7 /* EmployeeViewController.swift */ = {isa = PBXFileReference; lastKnownFileType = sourcecode.swift; path = EmployeeViewController.swift; sourceTree = "<group>"; };
		B9E740062068749100BB5FF7 /* EventsViewController.swift */ = {isa = PBXFileReference; lastKnownFileType = sourcecode.swift; path = EventsViewController.swift; sourceTree = "<group>"; };
		B9E740082068749F00BB5FF7 /* Events.storyboard */ = {isa = PBXFileReference; lastKnownFileType = file.storyboard; path = Events.storyboard; sourceTree = "<group>"; };
		B9E7400A2068787900BB5FF7 /* CreateEventViewController.swift */ = {isa = PBXFileReference; lastKnownFileType = sourcecode.swift; path = CreateEventViewController.swift; sourceTree = "<group>"; };
		B9E7400C20689B4800BB5FF7 /* APIClient.swift */ = {isa = PBXFileReference; lastKnownFileType = sourcecode.swift; path = APIClient.swift; sourceTree = "<group>"; };
		B9E7400E2068A08B00BB5FF7 /* BookService.swift */ = {isa = PBXFileReference; lastKnownFileType = sourcecode.swift; path = BookService.swift; sourceTree = "<group>"; };
/* End PBXFileReference section */

/* Begin PBXFrameworksBuildPhase section */
		B96DF0352053445900AE101C /* Frameworks */ = {
			isa = PBXFrameworksBuildPhase;
			buildActionMask = 2147483647;
			files = (
				F7DBCDC6C87D01F159FD7867 /* Pods_Library.framework in Frameworks */,
			);
			runOnlyForDeploymentPostprocessing = 0;
		};
/* End PBXFrameworksBuildPhase section */

/* Begin PBXGroup section */
		2AF2EF141792FD1265D817DD /* Pods */ = {
			isa = PBXGroup;
			children = (
				5DC282F3F5AA095231D8721A /* Pods-Library.debug.xcconfig */,
				2FA34C15192CCDBCA353712B /* Pods-Library.release.xcconfig */,
			);
			name = Pods;
			sourceTree = "<group>";
		};
		B94FBF61206998E20039FC73 /* Book */ = {
			isa = PBXGroup;
			children = (
				B94FBF62206998FC0039FC73 /* EmployeeBooks.storyboard */,
				B94FBF64206999130039FC73 /* EmployeeBooksViewController.swift */,
			);
			path = Book;
			sourceTree = "<group>";
		};
		B96DF02F2053445800AE101C = {
			isa = PBXGroup;
			children = (
				B96DF03A2053445900AE101C /* Library */,
				B96DF0392053445900AE101C /* Products */,
				2AF2EF141792FD1265D817DD /* Pods */,
				E1A00ADC3F8C0F10AEF55CBE /* Frameworks */,
			);
			sourceTree = "<group>";
		};
		B96DF0392053445900AE101C /* Products */ = {
			isa = PBXGroup;
			children = (
				B96DF0382053445900AE101C /* Library.app */,
			);
			name = Products;
			sourceTree = "<group>";
		};
		B96DF03A2053445900AE101C /* Library */ = {
			isa = PBXGroup;
			children = (
				B96DF0532053450A00AE101C /* Supporting Files */,
				B9E73FE1206845B100BB5FF7 /* Extensions */,
				B9E73FE2206845B100BB5FF7 /* Helpers */,
				B9E73FE3206845B100BB5FF7 /* Models */,
				B9E73FE4206845B100BB5FF7 /* Resources */,
				B9E73FE0206845B100BB5FF7 /* Views */,
				B9E73FE5206846D000BB5FF7 /* Services */,
				B96DF04D2053450900AE101C /* Controllers */,
			);
			path = Library;
			sourceTree = "<group>";
		};
		B96DF04D2053450900AE101C /* Controllers */ = {
			isa = PBXGroup;
			children = (
				B96DF0632053472C00AE101C /* Welcome */,
				B9E73FE9206847B300BB5FF7 /* Member */,
				B9E73FE8206847B300BB5FF7 /* Employee */,
				B9E73FF92068709000BB5FF7 /* General */,
			);
			path = Controllers;
			sourceTree = "<group>";
		};
		B96DF0532053450A00AE101C /* Supporting Files */ = {
			isa = PBXGroup;
			children = (
				B96DF0542053450A00AE101C /* Assets.xcassets */,
				B96DF0552053450A00AE101C /* LaunchScreen.storyboard */,
				B96DF0592053450A00AE101C /* AppDelegate.swift */,
				B96DF05A2053450A00AE101C /* Info.plist */,
			);
			path = "Supporting Files";
			sourceTree = "<group>";
		};
		B96DF0632053472C00AE101C /* Welcome */ = {
			isa = PBXGroup;
			children = (
				B96DF0642053472C00AE101C /* Welcome.storyboard */,
				B96DF0662053474C00AE101C /* WelcomeViewController.swift */,
				B9E73FF1206852BA00BB5FF7 /* LoginViewController.swift */,
				B9E73FF3206852CF00BB5FF7 /* RegisterViewController.swift */,
			);
			path = Welcome;
			sourceTree = "<group>";
		};
		B9E73FE0206845B100BB5FF7 /* Views */ = {
			isa = PBXGroup;
			children = (
			);
			path = Views;
			sourceTree = "<group>";
		};
		B9E73FE1206845B100BB5FF7 /* Extensions */ = {
			isa = PBXGroup;
			children = (
			);
			path = Extensions;
			sourceTree = "<group>";
		};
		B9E73FE2206845B100BB5FF7 /* Helpers */ = {
			isa = PBXGroup;
			children = (
				04341A29206B067800A41A5A /* BookAPICallExamples.swift */,
			);
			path = Helpers;
			sourceTree = "<group>";
		};
		B9E73FE3206845B100BB5FF7 /* Models */ = {
			isa = PBXGroup;
			children = (
				B9E73FEA206849E000BB5FF7 /* Book.swift */,
				04341A27206B02B400A41A5A /* GenreCount.swift */,
				04AD17DC20684BCB00108858 /* Event.swift */,
				04AD17DE2068504200108858 /* Employee.swift */,
				04AD17E02068540B00108858 /* EmployeeWorkedFor.swift */,
				04AD17E22068546C00108858 /* LibraryBook.swift */,
				04AD17E42068555000108858 /* LibraryBranch.swift */,
				04AD17E62068562900108858 /* Member.swift */,
				04AD17E82068570C00108858 /* Rental.swift */,
				04AD17EA206857D900108858 /* Review.swift */,
				04AD17EC2068596500108858 /* Schedule.swift */,
				04AD17EE20685A6400108858 /* Room.swift */,
			);
			path = Models;
			sourceTree = "<group>";
		};
		B9E73FE4206845B100BB5FF7 /* Resources */ = {
			isa = PBXGroup;
			children = (
			);
			path = Resources;
			sourceTree = "<group>";
		};
		B9E73FE5206846D000BB5FF7 /* Services */ = {
			isa = PBXGroup;
			children = (
				B9E7400C20689B4800BB5FF7 /* APIClient.swift */,
				B9E7400E2068A08B00BB5FF7 /* BookService.swift */,
			);
			path = Services;
			sourceTree = "<group>";
		};
		B9E73FE8206847B300BB5FF7 /* Employee */ = {
			isa = PBXGroup;
			children = (
				B9E73FED2068515E00BB5FF7 /* Employee.storyboard */,
				B9E73FF7206869E300BB5FF7 /* EmployeeTabBarController.swift */,
				B9E740052068743600BB5FF7 /* Event */,
				B94FBF61206998E20039FC73 /* Book */,
			);
			path = Employee;
			sourceTree = "<group>";
		};
		B9E73FE9206847B300BB5FF7 /* Member */ = {
			isa = PBXGroup;
			children = (
				B9E73FEF2068516500BB5FF7 /* Member.storyboard */,
				B9E73FF5206869D200BB5FF7 /* MemberTabBarController.swift */,
			);
			path = Member;
			sourceTree = "<group>";
		};
		B9E73FF92068709000BB5FF7 /* General */ = {
			isa = PBXGroup;
			children = (
				B9E73FFC206870BF00BB5FF7 /* Account */,
			);
			path = General;
			sourceTree = "<group>";
		};
		B9E73FFC206870BF00BB5FF7 /* Account */ = {
			isa = PBXGroup;
			children = (
				B9E73FFD206870BF00BB5FF7 /* Account.storyboard */,
				B9E74001206871B100BB5FF7 /* MemberViewController.swift */,
				B9E74003206871D500BB5FF7 /* EmployeeViewController.swift */,
			);
			path = Account;
			sourceTree = "<group>";
		};
		B9E740052068743600BB5FF7 /* Event */ = {
			isa = PBXGroup;
			children = (
				B9E740082068749F00BB5FF7 /* Events.storyboard */,
				B9E740062068749100BB5FF7 /* EventsViewController.swift */,
				B9E7400A2068787900BB5FF7 /* CreateEventViewController.swift */,
			);
			path = Event;
			sourceTree = "<group>";
		};
		E1A00ADC3F8C0F10AEF55CBE /* Frameworks */ = {
			isa = PBXGroup;
			children = (
				31370B6FAD839C84A60B3393 /* Pods_Library.framework */,
			);
			name = Frameworks;
			sourceTree = "<group>";
		};
/* End PBXGroup section */

/* Begin PBXNativeTarget section */
		B96DF0372053445900AE101C /* Library */ = {
			isa = PBXNativeTarget;
			buildConfigurationList = B96DF04A2053445900AE101C /* Build configuration list for PBXNativeTarget "Library" */;
			buildPhases = (
				213BA2B77DC517207BF74456 /* [CP] Check Pods Manifest.lock */,
				B96DF0342053445900AE101C /* Sources */,
				B96DF0352053445900AE101C /* Frameworks */,
				B96DF0362053445900AE101C /* Resources */,
				CFF0987CE1E585D282B456F3 /* [CP] Embed Pods Frameworks */,
				BEF21865D2C33E526E2073E8 /* [CP] Copy Pods Resources */,
			);
			buildRules = (
			);
			dependencies = (
			);
			name = Library;
			productName = Library;
			productReference = B96DF0382053445900AE101C /* Library.app */;
			productType = "com.apple.product-type.application";
		};
/* End PBXNativeTarget section */

/* Begin PBXProject section */
		B96DF0302053445900AE101C /* Project object */ = {
			isa = PBXProject;
			attributes = {
				LastSwiftUpdateCheck = 0920;
				LastUpgradeCheck = 0920;
				ORGANIZATIONNAME = "Paco Lee";
				TargetAttributes = {
					B96DF0372053445900AE101C = {
						CreatedOnToolsVersion = 9.2;
						ProvisioningStyle = Automatic;
					};
				};
			};
			buildConfigurationList = B96DF0332053445900AE101C /* Build configuration list for PBXProject "Library" */;
			compatibilityVersion = "Xcode 8.0";
			developmentRegion = en;
			hasScannedForEncodings = 0;
			knownRegions = (
				en,
				Base,
			);
			mainGroup = B96DF02F2053445800AE101C;
			productRefGroup = B96DF0392053445900AE101C /* Products */;
			projectDirPath = "";
			projectRoot = "";
			targets = (
				B96DF0372053445900AE101C /* Library */,
			);
		};
/* End PBXProject section */

/* Begin PBXResourcesBuildPhase section */
		B96DF0362053445900AE101C /* Resources */ = {
			isa = PBXResourcesBuildPhase;
			buildActionMask = 2147483647;
			files = (
				B9E73FEE2068515E00BB5FF7 /* Employee.storyboard in Resources */,
				B9E740092068749F00BB5FF7 /* Events.storyboard in Resources */,
				B96DF0602053450A00AE101C /* Info.plist in Resources */,
				B9E73FF02068516500BB5FF7 /* Member.storyboard in Resources */,
				B96DF0652053472C00AE101C /* Welcome.storyboard in Resources */,
				B96DF05C2053450A00AE101C /* Assets.xcassets in Resources */,
				B96DF05D2053450A00AE101C /* LaunchScreen.storyboard in Resources */,
				B94FBF63206998FD0039FC73 /* EmployeeBooks.storyboard in Resources */,
				B9E73FFE206870BF00BB5FF7 /* Account.storyboard in Resources */,
			);
			runOnlyForDeploymentPostprocessing = 0;
		};
/* End PBXResourcesBuildPhase section */

/* Begin PBXShellScriptBuildPhase section */
		213BA2B77DC517207BF74456 /* [CP] Check Pods Manifest.lock */ = {
			isa = PBXShellScriptBuildPhase;
			buildActionMask = 2147483647;
			files = (
			);
			inputPaths = (
				"${PODS_PODFILE_DIR_PATH}/Podfile.lock",
				"${PODS_ROOT}/Manifest.lock",
			);
			name = "[CP] Check Pods Manifest.lock";
			outputPaths = (
				"$(DERIVED_FILE_DIR)/Pods-Library-checkManifestLockResult.txt",
			);
			runOnlyForDeploymentPostprocessing = 0;
			shellPath = /bin/sh;
			shellScript = "diff \"${PODS_PODFILE_DIR_PATH}/Podfile.lock\" \"${PODS_ROOT}/Manifest.lock\" > /dev/null\nif [ $? != 0 ] ; then\n    # print error to STDERR\n    echo \"error: The sandbox is not in sync with the Podfile.lock. Run 'pod install' or update your CocoaPods installation.\" >&2\n    exit 1\nfi\n# This output is used by Xcode 'outputs' to avoid re-running this script phase.\necho \"SUCCESS\" > \"${SCRIPT_OUTPUT_FILE_0}\"\n";
			showEnvVarsInLog = 0;
		};
		BEF21865D2C33E526E2073E8 /* [CP] Copy Pods Resources */ = {
			isa = PBXShellScriptBuildPhase;
			buildActionMask = 2147483647;
			files = (
			);
			inputPaths = (
			);
			name = "[CP] Copy Pods Resources";
			outputPaths = (
			);
			runOnlyForDeploymentPostprocessing = 0;
			shellPath = /bin/sh;
			shellScript = "\"${SRCROOT}/Pods/Target Support Files/Pods-Library/Pods-Library-resources.sh\"\n";
			showEnvVarsInLog = 0;
		};
		CFF0987CE1E585D282B456F3 /* [CP] Embed Pods Frameworks */ = {
			isa = PBXShellScriptBuildPhase;
			buildActionMask = 2147483647;
			files = (
			);
			inputPaths = (
				"${SRCROOT}/Pods/Target Support Files/Pods-Library/Pods-Library-frameworks.sh",
				"${BUILT_PRODUCTS_DIR}/Alamofire/Alamofire.framework",
				"${BUILT_PRODUCTS_DIR}/ObjectMapper/ObjectMapper.framework",
			);
			name = "[CP] Embed Pods Frameworks";
			outputPaths = (
				"${TARGET_BUILD_DIR}/${FRAMEWORKS_FOLDER_PATH}/Alamofire.framework",
				"${TARGET_BUILD_DIR}/${FRAMEWORKS_FOLDER_PATH}/ObjectMapper.framework",
			);
			runOnlyForDeploymentPostprocessing = 0;
			shellPath = /bin/sh;
			shellScript = "\"${SRCROOT}/Pods/Target Support Files/Pods-Library/Pods-Library-frameworks.sh\"\n";
			showEnvVarsInLog = 0;
		};
/* End PBXShellScriptBuildPhase section */

/* Begin PBXSourcesBuildPhase section */
		B96DF0342053445900AE101C /* Sources */ = {
			isa = PBXSourcesBuildPhase;
			buildActionMask = 2147483647;
			files = (
				B9E74002206871B100BB5FF7 /* MemberViewController.swift in Sources */,
				04341A2A206B067800A41A5A /* BookAPICallExamples.swift in Sources */,
				B9E73FF2206852BA00BB5FF7 /* LoginViewController.swift in Sources */,
				B9E73FF4206852CF00BB5FF7 /* RegisterViewController.swift in Sources */,
				B94FBF65206999130039FC73 /* EmployeeBooksViewController.swift in Sources */,
				B9E73FF8206869E300BB5FF7 /* EmployeeTabBarController.swift in Sources */,
				B9E7400F2068A08B00BB5FF7 /* BookService.swift in Sources */,
				04AD17E72068562900108858 /* Member.swift in Sources */,
				B9E7400D20689B4800BB5FF7 /* APIClient.swift in Sources */,
				B9E740072068749100BB5FF7 /* EventsViewController.swift in Sources */,
				04AD17DD20684BCB00108858 /* Event.swift in Sources */,
				B9E74004206871D500BB5FF7 /* EmployeeViewController.swift in Sources */,
				04AD17E52068555000108858 /* LibraryBranch.swift in Sources */,
				04AD17E12068540B00108858 /* EmployeeWorkedFor.swift in Sources */,
				04341A28206B02B400A41A5A /* GenreCount.swift in Sources */,
				04AD17E32068546C00108858 /* LibraryBook.swift in Sources */,
				04AD17E92068570C00108858 /* Rental.swift in Sources */,
				04AD17EF20685A6400108858 /* Room.swift in Sources */,
				04AD17ED2068596500108858 /* Schedule.swift in Sources */,
				04AD17EB206857D900108858 /* Review.swift in Sources */,
				B96DF05F2053450A00AE101C /* AppDelegate.swift in Sources */,
				B96DF0672053474C00AE101C /* WelcomeViewController.swift in Sources */,
				B9E7400B2068787900BB5FF7 /* CreateEventViewController.swift in Sources */,
				04AD17DF2068504200108858 /* Employee.swift in Sources */,
				B9E73FEB206849E000BB5FF7 /* Book.swift in Sources */,
				B9E73FF6206869D200BB5FF7 /* MemberTabBarController.swift in Sources */,
			);
			runOnlyForDeploymentPostprocessing = 0;
		};
/* End PBXSourcesBuildPhase section */

/* Begin PBXVariantGroup section */
		B96DF0552053450A00AE101C /* LaunchScreen.storyboard */ = {
			isa = PBXVariantGroup;
			children = (
				B96DF0562053450A00AE101C /* Base */,
			);
			name = LaunchScreen.storyboard;
			sourceTree = "<group>";
		};
/* End PBXVariantGroup section */

/* Begin XCBuildConfiguration section */
		B96DF0482053445900AE101C /* Debug */ = {
			isa = XCBuildConfiguration;
			buildSettings = {
				ALWAYS_SEARCH_USER_PATHS = NO;
				CLANG_ANALYZER_NONNULL = YES;
				CLANG_ANALYZER_NUMBER_OBJECT_CONVERSION = YES_AGGRESSIVE;
				CLANG_CXX_LANGUAGE_STANDARD = "gnu++14";
				CLANG_CXX_LIBRARY = "libc++";
				CLANG_ENABLE_MODULES = YES;
				CLANG_ENABLE_OBJC_ARC = YES;
				CLANG_WARN_BLOCK_CAPTURE_AUTORELEASING = YES;
				CLANG_WARN_BOOL_CONVERSION = YES;
				CLANG_WARN_COMMA = YES;
				CLANG_WARN_CONSTANT_CONVERSION = YES;
				CLANG_WARN_DIRECT_OBJC_ISA_USAGE = YES_ERROR;
				CLANG_WARN_DOCUMENTATION_COMMENTS = YES;
				CLANG_WARN_EMPTY_BODY = YES;
				CLANG_WARN_ENUM_CONVERSION = YES;
				CLANG_WARN_INFINITE_RECURSION = YES;
				CLANG_WARN_INT_CONVERSION = YES;
				CLANG_WARN_NON_LITERAL_NULL_CONVERSION = YES;
				CLANG_WARN_OBJC_LITERAL_CONVERSION = YES;
				CLANG_WARN_OBJC_ROOT_CLASS = YES_ERROR;
				CLANG_WARN_RANGE_LOOP_ANALYSIS = YES;
				CLANG_WARN_STRICT_PROTOTYPES = YES;
				CLANG_WARN_SUSPICIOUS_MOVE = YES;
				CLANG_WARN_UNGUARDED_AVAILABILITY = YES_AGGRESSIVE;
				CLANG_WARN_UNREACHABLE_CODE = YES;
				CLANG_WARN__DUPLICATE_METHOD_MATCH = YES;
				CODE_SIGN_IDENTITY = "iPhone Developer";
				COPY_PHASE_STRIP = NO;
				DEBUG_INFORMATION_FORMAT = dwarf;
				ENABLE_STRICT_OBJC_MSGSEND = YES;
				ENABLE_TESTABILITY = YES;
				GCC_C_LANGUAGE_STANDARD = gnu11;
				GCC_DYNAMIC_NO_PIC = NO;
				GCC_NO_COMMON_BLOCKS = YES;
				GCC_OPTIMIZATION_LEVEL = 0;
				GCC_PREPROCESSOR_DEFINITIONS = (
					"DEBUG=1",
					"$(inherited)",
				);
				GCC_WARN_64_TO_32_BIT_CONVERSION = YES;
				GCC_WARN_ABOUT_RETURN_TYPE = YES_ERROR;
				GCC_WARN_UNDECLARED_SELECTOR = YES;
				GCC_WARN_UNINITIALIZED_AUTOS = YES_AGGRESSIVE;
				GCC_WARN_UNUSED_FUNCTION = YES;
				GCC_WARN_UNUSED_VARIABLE = YES;
				IPHONEOS_DEPLOYMENT_TARGET = 11.2;
				MTL_ENABLE_DEBUG_INFO = YES;
				ONLY_ACTIVE_ARCH = YES;
				SDKROOT = iphoneos;
				SWIFT_ACTIVE_COMPILATION_CONDITIONS = DEBUG;
				SWIFT_OPTIMIZATION_LEVEL = "-Onone";
			};
			name = Debug;
		};
		B96DF0492053445900AE101C /* Release */ = {
			isa = XCBuildConfiguration;
			buildSettings = {
				ALWAYS_SEARCH_USER_PATHS = NO;
				CLANG_ANALYZER_NONNULL = YES;
				CLANG_ANALYZER_NUMBER_OBJECT_CONVERSION = YES_AGGRESSIVE;
				CLANG_CXX_LANGUAGE_STANDARD = "gnu++14";
				CLANG_CXX_LIBRARY = "libc++";
				CLANG_ENABLE_MODULES = YES;
				CLANG_ENABLE_OBJC_ARC = YES;
				CLANG_WARN_BLOCK_CAPTURE_AUTORELEASING = YES;
				CLANG_WARN_BOOL_CONVERSION = YES;
				CLANG_WARN_COMMA = YES;
				CLANG_WARN_CONSTANT_CONVERSION = YES;
				CLANG_WARN_DIRECT_OBJC_ISA_USAGE = YES_ERROR;
				CLANG_WARN_DOCUMENTATION_COMMENTS = YES;
				CLANG_WARN_EMPTY_BODY = YES;
				CLANG_WARN_ENUM_CONVERSION = YES;
				CLANG_WARN_INFINITE_RECURSION = YES;
				CLANG_WARN_INT_CONVERSION = YES;
				CLANG_WARN_NON_LITERAL_NULL_CONVERSION = YES;
				CLANG_WARN_OBJC_LITERAL_CONVERSION = YES;
				CLANG_WARN_OBJC_ROOT_CLASS = YES_ERROR;
				CLANG_WARN_RANGE_LOOP_ANALYSIS = YES;
				CLANG_WARN_STRICT_PROTOTYPES = YES;
				CLANG_WARN_SUSPICIOUS_MOVE = YES;
				CLANG_WARN_UNGUARDED_AVAILABILITY = YES_AGGRESSIVE;
				CLANG_WARN_UNREACHABLE_CODE = YES;
				CLANG_WARN__DUPLICATE_METHOD_MATCH = YES;
				CODE_SIGN_IDENTITY = "iPhone Developer";
				COPY_PHASE_STRIP = NO;
				DEBUG_INFORMATION_FORMAT = "dwarf-with-dsym";
				ENABLE_NS_ASSERTIONS = NO;
				ENABLE_STRICT_OBJC_MSGSEND = YES;
				GCC_C_LANGUAGE_STANDARD = gnu11;
				GCC_NO_COMMON_BLOCKS = YES;
				GCC_WARN_64_TO_32_BIT_CONVERSION = YES;
				GCC_WARN_ABOUT_RETURN_TYPE = YES_ERROR;
				GCC_WARN_UNDECLARED_SELECTOR = YES;
				GCC_WARN_UNINITIALIZED_AUTOS = YES_AGGRESSIVE;
				GCC_WARN_UNUSED_FUNCTION = YES;
				GCC_WARN_UNUSED_VARIABLE = YES;
				IPHONEOS_DEPLOYMENT_TARGET = 11.2;
				MTL_ENABLE_DEBUG_INFO = NO;
				SDKROOT = iphoneos;
				SWIFT_OPTIMIZATION_LEVEL = "-Owholemodule";
				VALIDATE_PRODUCT = YES;
			};
			name = Release;
		};
		B96DF04B2053445900AE101C /* Debug */ = {
			isa = XCBuildConfiguration;
			baseConfigurationReference = 5DC282F3F5AA095231D8721A /* Pods-Library.debug.xcconfig */;
			buildSettings = {
				ASSETCATALOG_COMPILER_APPICON_NAME = AppIcon;
				CODE_SIGN_STYLE = Automatic;
				DEVELOPMENT_TEAM = 28636835Z7;
				INFOPLIST_FILE = "$(SRCROOT)/Library/Supporting Files/Info.plist";
				LD_RUNPATH_SEARCH_PATHS = "$(inherited) @executable_path/Frameworks";
				PRODUCT_BUNDLE_IDENTIFIER = pacolee.Library;
				PRODUCT_NAME = "$(TARGET_NAME)";
				SWIFT_VERSION = 4.0;
				TARGETED_DEVICE_FAMILY = "1,2";
			};
			name = Debug;
		};
		B96DF04C2053445900AE101C /* Release */ = {
			isa = XCBuildConfiguration;
			baseConfigurationReference = 2FA34C15192CCDBCA353712B /* Pods-Library.release.xcconfig */;
			buildSettings = {
				ASSETCATALOG_COMPILER_APPICON_NAME = AppIcon;
				CODE_SIGN_STYLE = Automatic;
				DEVELOPMENT_TEAM = 28636835Z7;
				INFOPLIST_FILE = "$(SRCROOT)/Library/Supporting Files/Info.plist";
				LD_RUNPATH_SEARCH_PATHS = "$(inherited) @executable_path/Frameworks";
				PRODUCT_BUNDLE_IDENTIFIER = pacolee.Library;
				PRODUCT_NAME = "$(TARGET_NAME)";
				SWIFT_VERSION = 4.0;
				TARGETED_DEVICE_FAMILY = "1,2";
			};
			name = Release;
		};
/* End XCBuildConfiguration section */

/* Begin XCConfigurationList section */
		B96DF0332053445900AE101C /* Build configuration list for PBXProject "Library" */ = {
			isa = XCConfigurationList;
			buildConfigurations = (
				B96DF0482053445900AE101C /* Debug */,
				B96DF0492053445900AE101C /* Release */,
			);
			defaultConfigurationIsVisible = 0;
			defaultConfigurationName = Release;
		};
		B96DF04A2053445900AE101C /* Build configuration list for PBXNativeTarget "Library" */ = {
			isa = XCConfigurationList;
			buildConfigurations = (
				B96DF04B2053445900AE101C /* Debug */,
				B96DF04C2053445900AE101C /* Release */,
			);
			defaultConfigurationIsVisible = 0;
			defaultConfigurationName = Release;
		};
/* End XCConfigurationList section */
	};
	rootObject = B96DF0302053445900AE101C /* Project object */;
}
